// !$*UTF8*$!
{
	archiveVersion = 1;
	classes = {
	};
	objectVersion = 46;
	objects = {

/* Begin PBXBuildFile section */
		6CC3DFA21ADCEB510038A23F /* main.m in Sources */ = {isa = PBXBuildFile; fileRef = 6CC3DFA11ADCEB510038A23F /* main.m */; };
		6CC3DFA51ADCEB510038A23F /* AppDelegate.m in Sources */ = {isa = PBXBuildFile; fileRef = 6CC3DFA41ADCEB510038A23F /* AppDelegate.m */; };
		6CC3DFA81ADCEB510038A23F /* ViewController.m in Sources */ = {isa = PBXBuildFile; fileRef = 6CC3DFA71ADCEB510038A23F /* ViewController.m */; };
		6CC3DFAB1ADCEB510038A23F /* Main.storyboard in Resources */ = {isa = PBXBuildFile; fileRef = 6CC3DFA91ADCEB510038A23F /* Main.storyboard */; };
		6CC3DFAD1ADCEB510038A23F /* Images.xcassets in Resources */ = {isa = PBXBuildFile; fileRef = 6CC3DFAC1ADCEB510038A23F /* Images.xcassets */; };
		6CC3DFB01ADCEB510038A23F /* LaunchScreen.xib in Resources */ = {isa = PBXBuildFile; fileRef = 6CC3DFAE1ADCEB510038A23F /* LaunchScreen.xib */; };
		6CC3DFBC1ADCEB510038A23F /* COCStrategyTests.m in Sources */ = {isa = PBXBuildFile; fileRef = 6CC3DFBB1ADCEB510038A23F /* COCStrategyTests.m */; };
/* End PBXBuildFile section */

/* Begin PBXContainerItemProxy section */
		6CC3DFB61ADCEB510038A23F /* PBXContainerItemProxy */ = {
			isa = PBXContainerItemProxy;
			containerPortal = 6CC3DF941ADCEB510038A23F /* Project object */;
			proxyType = 1;
			remoteGlobalIDString = 6CC3DF9B1ADCEB510038A23F;
			remoteInfo = COCStrategy;
		};
/* End PBXContainerItemProxy section */

/* Begin PBXFileReference section */
		6CC3DF9C1ADCEB510038A23F /* COCStrategy.app */ = {isa = PBXFileReference; explicitFileType = wrapper.application; includeInIndex = 0; path = COCStrategy.app; sourceTree = BUILT_PRODUCTS_DIR; };
		6CC3DFA01ADCEB510038A23F /* Info.plist */ = {isa = PBXFileReference; lastKnownFileType = text.plist.xml; path = Info.plist; sourceTree = "<group>"; };
		6CC3DFA11ADCEB510038A23F /* main.m */ = {isa = PBXFileReference; lastKnownFileType = sourcecode.c.objc; path = main.m; sourceTree = "<group>"; };
		6CC3DFA31ADCEB510038A23F /* AppDelegate.h */ = {isa = PBXFileReference; lastKnownFileType = sourcecode.c.h; path = AppDelegate.h; sourceTree = "<group>"; };
		6CC3DFA41ADCEB510038A23F /* AppDelegate.m */ = {isa = PBXFileReference; lastKnownFileType = sourcecode.c.objc; path = AppDelegate.m; sourceTree = "<group>"; };
		6CC3DFA61ADCEB510038A23F /* ViewController.h */ = {isa = PBXFileReference; lastKnownFileType = sourcecode.c.h; path = ViewController.h; sourceTree = "<group>"; };
		6CC3DFA71ADCEB510038A23F /* ViewController.m */ = {isa = PBXFileReference; lastKnownFileType = sourcecode.c.objc; path = ViewController.m; sourceTree = "<group>"; };
		6CC3DFAA1ADCEB510038A23F /* Base */ = {isa = PBXFileReference; lastKnownFileType = file.storyboard; name = Base; path = Base.lproj/Main.storyboard; sourceTree = "<group>"; };
		6CC3DFAC1ADCEB510038A23F /* Images.xcassets */ = {isa = PBXFileReference; lastKnownFileType = folder.assetcatalog; path = Images.xcassets; sourceTree = "<group>"; };
		6CC3DFAF1ADCEB510038A23F /* Base */ = {isa = PBXFileReference; lastKnownFileType = file.xib; name = Base; path = Base.lproj/LaunchScreen.xib; sourceTree = "<group>"; };
		6CC3DFB51ADCEB510038A23F /* COCStrategyTests.xctest */ = {isa = PBXFileReference; explicitFileType = wrapper.cfbundle; includeInIndex = 0; path = COCStrategyTests.xctest; sourceTree = BUILT_PRODUCTS_DIR; };
		6CC3DFBA1ADCEB510038A23F /* Info.plist */ = {isa = PBXFileReference; lastKnownFileType = text.plist.xml; path = Info.plist; sourceTree = "<group>"; };
		6CC3DFBB1ADCEB510038A23F /* COCStrategyTests.m */ = {isa = PBXFileReference; lastKnownFileType = sourcecode.c.objc; path = COCStrategyTests.m; sourceTree = "<group>"; };
/* End PBXFileReference section */

/* Begin PBXFrameworksBuildPhase section */
		6CC3DF991ADCEB510038A23F /* Frameworks */ = {
			isa = PBXFrameworksBuildPhase;
			buildActionMask = 2147483647;
			files = (
			);
			runOnlyForDeploymentPostprocessing = 0;
		};
		6CC3DFB21ADCEB510038A23F /* Frameworks */ = {
			isa = PBXFrameworksBuildPhase;
			buildActionMask = 2147483647;
			files = (
			);
			runOnlyForDeploymentPostprocessing = 0;
		};
/* End PBXFrameworksBuildPhase section */

/* Begin PBXGroup section */
		6CC3DF931ADCEB510038A23F = {
			isa = PBXGroup;
			children = (
				6CC3DF9E1ADCEB510038A23F /* COCStrategy */,
				6CC3DFB81ADCEB510038A23F /* COCStrategyTests */,
				6CC3DF9D1ADCEB510038A23F /* Products */,
			);
			sourceTree = "<group>";
		};
		6CC3DF9D1ADCEB510038A23F /* Products */ = {
			isa = PBXGroup;
			children = (
				6CC3DF9C1ADCEB510038A23F /* COCStrategy.app */,
				6CC3DFB51ADCEB510038A23F /* COCStrategyTests.xctest */,
			);
			name = Products;
			sourceTree = "<group>";
		};
		6CC3DF9E1ADCEB510038A23F /* COCStrategy */ = {
			isa = PBXGroup;
			children = (
				6CC3DFA31ADCEB510038A23F /* AppDelegate.h */,
				6CC3DFA41ADCEB510038A23F /* AppDelegate.m */,
				6CC3DFA61ADCEB510038A23F /* ViewController.h */,
				6CC3DFA71ADCEB510038A23F /* ViewController.m */,
				6CC3DFA91ADCEB510038A23F /* Main.storyboard */,
				6CC3DFAC1ADCEB510038A23F /* Images.xcassets */,
				6CC3DFAE1ADCEB510038A23F /* LaunchScreen.xib */,
				6CC3DF9F1ADCEB510038A23F /* Supporting Files */,
			);
			path = COCStrategy;
			sourceTree = "<group>";
		};
		6CC3DF9F1ADCEB510038A23F /* Supporting Files */ = {
			isa = PBXGroup;
			children = (
				6CC3DFA01ADCEB510038A23F /* Info.plist */,
				6CC3DFA11ADCEB510038A23F /* main.m */,
			);
			name = "Supporting Files";
			sourceTree = "<group>";
		};
		6CC3DFB81ADCEB510038A23F /* COCStrategyTests */ = {
			isa = PBXGroup;
			children = (
				6CC3DFBB1ADCEB510038A23F /* COCStrategyTests.m */,
				6CC3DFB91ADCEB510038A23F /* Supporting Files */,
			);
			path = COCStrategyTests;
			sourceTree = "<group>";
		};
		6CC3DFB91ADCEB510038A23F /* Supporting Files */ = {
			isa = PBXGroup;
			children = (
				6CC3DFBA1ADCEB510038A23F /* Info.plist */,
			);
			name = "Supporting Files";
			sourceTree = "<group>";
		};
/* End PBXGroup section */

/* Begin PBXNativeTarget section */
		6CC3DF9B1ADCEB510038A23F /* COCStrategy */ = {
			isa = PBXNativeTarget;
			buildConfigurationList = 6CC3DFBF1ADCEB510038A23F /* Build configuration list for PBXNativeTarget "COCStrategy" */;
			buildPhases = (
				6CC3DF981ADCEB510038A23F /* Sources */,
				6CC3DF991ADCEB510038A23F /* Frameworks */,
				6CC3DF9A1ADCEB510038A23F /* Resources */,
			);
			buildRules = (
			);
			dependencies = (
			);
			name = COCStrategy;
			productName = COCStrategy;
			productReference = 6CC3DF9C1ADCEB510038A23F /* COCStrategy.app */;
			productType = "com.apple.product-type.application";
		};
		6CC3DFB41ADCEB510038A23F /* COCStrategyTests */ = {
			isa = PBXNativeTarget;
			buildConfigurationList = 6CC3DFC21ADCEB510038A23F /* Build configuration list for PBXNativeTarget "COCStrategyTests" */;
			buildPhases = (
				6CC3DFB11ADCEB510038A23F /* Sources */,
				6CC3DFB21ADCEB510038A23F /* Frameworks */,
				6CC3DFB31ADCEB510038A23F /* Resources */,
			);
			buildRules = (
			);
			dependencies = (
				6CC3DFB71ADCEB510038A23F /* PBXTargetDependency */,
			);
			name = COCStrategyTests;
			productName = COCStrategyTests;
			productReference = 6CC3DFB51ADCEB510038A23F /* COCStrategyTests.xctest */;
			productType = "com.apple.product-type.bundle.unit-test";
		};
/* End PBXNativeTarget section */

/* Begin PBXProject section */
		6CC3DF941ADCEB510038A23F /* Project object */ = {
			isa = PBXProject;
			attributes = {
				LastUpgradeCheck = 0630;
				ORGANIZATIONNAME = Sina;
				TargetAttributes = {
					6CC3DF9B1ADCEB510038A23F = {
						CreatedOnToolsVersion = 6.3;
					};
					6CC3DFB41ADCEB510038A23F = {
						CreatedOnToolsVersion = 6.3;
						TestTargetID = 6CC3DF9B1ADCEB510038A23F;
					};
				};
			};
			buildConfigurationList = 6CC3DF971ADCEB510038A23F /* Build configuration list for PBXProject "COCStrategy" */;
			compatibilityVersion = "Xcode 3.2";
			developmentRegion = English;
			hasScannedForEncodings = 0;
			knownRegions = (
				en,
				Base,
			);
			mainGroup = 6CC3DF931ADCEB510038A23F;
			productRefGroup = 6CC3DF9D1ADCEB510038A23F /* Products */;
			projectDirPath = "";
			projectRoot = "";
			targets = (
				6CC3DF9B1ADCEB510038A23F /* COCStrategy */,
				6CC3DFB41ADCEB510038A23F /* COCStrategyTests */,
			);
		};
/* End PBXProject section */

/* Begin PBXResourcesBuildPhase section */
		6CC3DF9A1ADCEB510038A23F /* Resources */ = {
			isa = PBXResourcesBuildPhase;
			buildActionMask = 2147483647;
			files = (
				6CC3DFAB1ADCEB510038A23F /* Main.storyboard in Resources */,
				6CC3DFB01ADCEB510038A23F /* LaunchScreen.xib in Resources */,
				6CC3DFAD1ADCEB510038A23F /* Images.xcassets in Resources */,
			);
			runOnlyForDeploymentPostprocessing = 0;
		};
		6CC3DFB31ADCEB510038A23F /* Resources */ = {
			isa = PBXResourcesBuildPhase;
			buildActionMask = 2147483647;
			files = (
			);
			runOnlyForDeploymentPostprocessing = 0;
		};
/* End PBXResourcesBuildPhase section */

/* Begin PBXSourcesBuildPhase section */
		6CC3DF981ADCEB510038A23F /* Sources */ = {
			isa = PBXSourcesBuildPhase;
			buildActionMask = 2147483647;
			files = (
				6CC3DFA81ADCEB510038A23F /* ViewController.m in Sources */,
				6CC3DFA51ADCEB510038A23F /* AppDelegate.m in Sources */,
				6CC3DFA21ADCEB510038A23F /* main.m in Sources */,
			);
			runOnlyForDeploymentPostprocessing = 0;
		};
		6CC3DFB11ADCEB510038A23F /* Sources */ = {
			isa = PBXSourcesBuildPhase;
			buildActionMask = 2147483647;
			files = (
				6CC3DFBC1ADCEB510038A23F /* COCStrategyTests.m in Sources */,
			);
			runOnlyForDeploymentPostprocessing = 0;
		};
/* End PBXSourcesBuildPhase section */

/* Begin PBXTargetDependency section */
		6CC3DFB71ADCEB510038A23F /* PBXTargetDependency */ = {
			isa = PBXTargetDependency;
			target = 6CC3DF9B1ADCEB510038A23F /* COCStrategy */;
			targetProxy = 6CC3DFB61ADCEB510038A23F /* PBXContainerItemProxy */;
		};
/* End PBXTargetDependency section */

/* Begin PBXVariantGroup section */
		6CC3DFA91ADCEB510038A23F /* Main.storyboard */ = {
			isa = PBXVariantGroup;
			children = (
				6CC3DFAA1ADCEB510038A23F /* Base */,
			);
			name = Main.storyboard;
			sourceTree = "<group>";
		};
		6CC3DFAE1ADCEB510038A23F /* LaunchScreen.xib */ = {
			isa = PBXVariantGroup;
			children = (
				6CC3DFAF1ADCEB510038A23F /* Base */,
			);
			name = LaunchScreen.xib;
			sourceTree = "<group>";
		};
/* End PBXVariantGroup section */

/* Begin XCBuildConfiguration section */
		6CC3DFBD1ADCEB510038A23F /* Debug */ = {
			isa = XCBuildConfiguration;
			buildSettings = {
				ALWAYS_SEARCH_USER_PATHS = NO;
				CLANG_CXX_LANGUAGE_STANDARD = "gnu++0x";
				CLANG_CXX_LIBRARY = "libc++";
				CLANG_ENABLE_MODULES = YES;
				CLANG_ENABLE_OBJC_ARC = YES;
				CLANG_WARN_BOOL_CONVERSION = YES;
				CLANG_WARN_CONSTANT_CONVERSION = YES;
				CLANG_WARN_DIRECT_OBJC_ISA_USAGE = YES_ERROR;
				CLANG_WARN_EMPTY_BODY = YES;
				CLANG_WARN_ENUM_CONVERSION = YES;
				CLANG_WARN_INT_CONVERSION = YES;
				CLANG_WARN_OBJC_ROOT_CLASS = YES_ERROR;
				CLANG_WARN_UNREACHABLE_CODE = YES;
				CLANG_WARN__DUPLICATE_METHOD_MATCH = YES;
				"CODE_SIGN_IDENTITY[sdk=iphoneos*]" = "iPhone Developer";
				COPY_PHASE_STRIP = NO;
				DEBUG_INFORMATION_FORMAT = "dwarf-with-dsym";
				ENABLE_STRICT_OBJC_MSGSEND = YES;
				GCC_C_LANGUAGE_STANDARD = gnu99;
				GCC_DYNAMIC_NO_PIC = NO;
				GCC_NO_COMMON_BLOCKS = YES;
				GCC_OPTIMIZATION_LEVEL = 0;
				GCC_PREPROCESSOR_DEFINITIONS = (
					"DEBUG=1",
					"$(inherited)",
				);
				GCC_SYMBOLS_PRIVATE_EXTERN = NO;
				GCC_WARN_64_TO_32_BIT_CONVERSION = YES;
				GCC_WARN_ABOUT_RETURN_TYPE = YES_ERROR;
				GCC_WARN_UNDECLARED_SELECTOR = YES;
				GCC_WARN_UNINITIALIZED_AUTOS = YES_AGGRESSIVE;
				GCC_WARN_UNUSED_FUNCTION = YES;
				GCC_WARN_UNUSED_VARIABLE = YES;
				IPHONEOS_DEPLOYMENT_TARGET = 8.3;
				MTL_ENABLE_DEBUG_INFO = YES;
				ONLY_ACTIVE_ARCH = YES;
				SDKROOT = iphoneos;
				TARGETED_DEVICE_FAMILY = "1,2";
			};
			name = Debug;
		};
		6CC3DFBE1ADCEB510038A23F /* Release */ = {
			isa = XCBuildConfiguration;
			buildSettings = {
				ALWAYS_SEARCH_USER_PATHS = NO;
				CLANG_CXX_LANGUAGE_STANDARD = "gnu++0x";
				CLANG_CXX_LIBRARY = "libc++";
				CLANG_ENABLE_MODULES = YES;
				CLANG_ENABLE_OBJC_ARC = YES;
				CLANG_WARN_BOOL_CONVERSION = YES;
				CLANG_WARN_CONSTANT_CONVERSION = YES;
				CLANG_WARN_DIRECT_OBJC_ISA_USAGE = YES_ERROR;
				CLANG_WARN_EMPTY_BODY = YES;
				CLANG_WARN_ENUM_CONVERSION = YES;
				CLANG_WARN_INT_CONVERSION = YES;
				CLANG_WARN_OBJC_ROOT_CLASS = YES_ERROR;
				CLANG_WARN_UNREACHABLE_CODE = YES;
				CLANG_WARN__DUPLICATE_METHOD_MATCH = YES;
				"CODE_SIGN_IDENTITY[sdk=iphoneos*]" = "iPhone Developer";
				COPY_PHASE_STRIP = NO;
				DEBUG_INFORMATION_FORMAT = "dwarf-with-dsym";
				ENABLE_NS_ASSERTIONS = NO;
				ENABLE_STRICT_OBJC_MSGSEND = YES;
				GCC_C_LANGUAGE_STANDARD = gnu99;
				GCC_NO_COMMON_BLOCKS = YES;
				GCC_WARN_64_TO_32_BIT_CONVERSION = YES;
				GCC_WARN_ABOUT_RETURN_TYPE = YES_ERROR;
				GCC_WARN_UNDECLARED_SELECTOR = YES;
				GCC_WARN_UNINITIALIZED_AUTOS = YES_AGGRESSIVE;
				GCC_WARN_UNUSED_FUNCTION = YES;
				GCC_WARN_UNUSED_VARIABLE = YES;
				IPHONEOS_DEPLOYMENT_TARGET = 8.3;
				MTL_ENABLE_DEBUG_INFO = NO;
				SDKROOT = iphoneos;
				TARGETED_DEVICE_FAMILY = "1,2";
				VALIDATE_PRODUCT = YES;
			};
			name = Release;
		};
		6CC3DFC01ADCEB510038A23F /* Debug */ = {
			isa = XCBuildConfiguration;
			buildSettings = {
				ASSETCATALOG_COMPILER_APPICON_NAME = AppIcon;
				INFOPLIST_FILE = COCStrategy/Info.plist;
				LD_RUNPATH_SEARCH_PATHS = "$(inherited) @executable_path/Frameworks";
				PRODUCT_NAME = "$(TARGET_NAME)";
			};
			name = Debug;
		};
		6CC3DFC11ADCEB510038A23F /* Release */ = {
			isa = XCBuildConfiguration;
			buildSettings = {
				ASSETCATALOG_COMPILER_APPICON_NAME = AppIcon;
				INFOPLIST_FILE = COCStrategy/Info.plist;
				LD_RUNPATH_SEARCH_PATHS = "$(inherited) @executable_path/Frameworks";
				PRODUCT_NAME = "$(TARGET_NAME)";
			};
			name = Release;
		};
		6CC3DFC31ADCEB510038A23F /* Debug */ = {
			isa = XCBuildConfiguration;
			buildSettings = {
				BUNDLE_LOADER = "$(TEST_HOST)";
				FRAMEWORK_SEARCH_PATHS = (
					"$(SDKROOT)/Developer/Library/Frameworks",
					"$(inherited)",
				);
				GCC_PREPROCESSOR_DEFINITIONS = (
					"DEBUG=1",
					"$(inherited)",
				);
				INFOPLIST_FILE = COCStrategyTests/Info.plist;
				LD_RUNPATH_SEARCH_PATHS = "$(inherited) @executable_path/Frameworks @loader_path/Frameworks";
				PRODUCT_NAME = "$(TARGET_NAME)";
				TEST_HOST = "$(BUILT_PRODUCTS_DIR)/COCStrategy.app/COCStrategy";
			};
			name = Debug;
		};
		6CC3DFC41ADCEB510038A23F /* Release */ = {
			isa = XCBuildConfiguration;
			buildSettings = {
				BUNDLE_LOADER = "$(TEST_HOST)";
				FRAMEWORK_SEARCH_PATHS = (
					"$(SDKROOT)/Developer/Library/Frameworks",
					"$(inherited)",
				);
				INFOPLIST_FILE = COCStrategyTests/Info.plist;
				LD_RUNPATH_SEARCH_PATHS = "$(inherited) @executable_path/Frameworks @loader_path/Frameworks";
				PRODUCT_NAME = "$(TARGET_NAME)";
				TEST_HOST = "$(BUILT_PRODUCTS_DIR)/COCStrategy.app/COCStrategy";
			};
			name = Release;
		};
/* End XCBuildConfiguration section */

/* Begin XCConfigurationList section */
		6CC3DF971ADCEB510038A23F /* Build configuration list for PBXProject "COCStrategy" */ = {
			isa = XCConfigurationList;
			buildConfigurations = (
				6CC3DFBD1ADCEB510038A23F /* Debug */,
				6CC3DFBE1ADCEB510038A23F /* Release */,
			);
			defaultConfigurationIsVisible = 0;
			defaultConfigurationName = Release;
		};
		6CC3DFBF1ADCEB510038A23F /* Build configuration list for PBXNativeTarget "COCStrategy" */ = {
			isa = XCConfigurationList;
			buildConfigurations = (
				6CC3DFC01ADCEB510038A23F /* Debug */,
				6CC3DFC11ADCEB510038A23F /* Release */,
			);
			defaultConfigurationIsVisible = 0;
		};
		6CC3DFC21ADCEB510038A23F /* Build configuration list for PBXNativeTarget "COCStrategyTests" */ = {
			isa = XCConfigurationList;
			buildConfigurations = (
				6CC3DFC31ADCEB510038A23F /* Debug */,
				6CC3DFC41ADCEB510038A23F /* Release */,
			);
			defaultConfigurationIsVisible = 0;
		};
/* End XCConfigurationList section */
	};
	rootObject = 6CC3DF941ADCEB510038A23F /* Project object */;
}
